
Microsoft Visual Studio Solution File, Format Version 12.00
# Visual Studio 15
VisualStudioVersion = 15.0.28010.2036
MinimumVisualStudioVersion = 10.0.40219.1
Project("{9A19103F-16F7-4668-BE54-9A1E7A4F7556}") = "xSignalRng6", "xSignalRng6.csproj", "{406B1945-255F-4A44-AD03-4F822EE659E3}"
EndProject
Global
	GlobalSection(SolutionConfigurationPlatforms) = preSolution
		Debug|Any CPU = Debug|Any CPU
		Release|Any CPU = Release|Any CPU
	EndGlobalSection
	GlobalSection(ProjectConfigurationPlatforms) = postSolution
		{406B1945-255F-4A44-AD03-4F822EE659E3}.Debug|Any CPU.ActiveCfg = Debug|Any CPU
		{406B1945-255F-4A44-AD03-4F822EE659E3}.Debug|Any CPU.Build.0 = Debug|Any CPU
		{406B1945-255F-4A44-AD03-4F822EE659E3}.Release|Any CPU.ActiveCfg = Release|Any CPU
		{406B1945-255F-4A44-AD03-4F822EE659E3}.Release|Any CPU.Build.0 = Release|Any CPU
	EndGlobalSection
	GlobalSection(SolutionProperties) = preSolution
		HideSolutionNode = FALSE
	EndGlobalSection
	GlobalSection(ExtensibilityGlobals) = postSolution
		SolutionGuid = {A2A8670A-E980-4680-8AF6-8EDD5A8C0C9D}
	EndGlobalSection
EndGlobal
